
Microsoft Visual Studio Solution File, Format Version 12.00
# Visual Studio 15
VisualStudioVersion = 15.0.27703.2042
MinimumVisualStudioVersion = 10.0.40219.1
Project("{2150E333-8FDC-42A3-9474-1A3956D46DE8}") = "Core", "Core", "{E1869585-5474-4BAB-883F-709A21869DB9}"
EndProject
Project("{2150E333-8FDC-42A3-9474-1A3956D46DE8}") = "Ports", "Ports", "{676A11B9-1512-421A-B9A5-331B71A96DA3}"
EndProject
Project("{2150E333-8FDC-42A3-9474-1A3956D46DE8}") = "Components", "Components", "{4F9BAD6B-F48E-4A8A-954A-D82C0AFCBBB8}"
EndProject
Project("{2150E333-8FDC-42A3-9474-1A3956D46DE8}") = "SharedKernel", "SharedKernel", "{3F1C83DD-B7EF-4147-B5CB-0711B60F207F}"
EndProject
Project("{2150E333-8FDC-42A3-9474-1A3956D46DE8}") = "Secondary", "Secondary", "{02A92D08-9CB5-43C4-BE07-91F002C25CA5}"
EndProject
Project("{2150E333-8FDC-42A3-9474-1A3956D46DE8}") = "Adapters", "Adapters", "{8F9C393F-E1E8-469F-AE7B-5AFA2CDA7F6D}"
EndProject
Project("{2150E333-8FDC-42A3-9474-1A3956D46DE8}") = "Primary", "Primary", "{98241AF7-2B94-4A09-AF8E-C078C1960CA4}"
EndProject
Project("{9A19103F-16F7-4668-BE54-9A1E7A4F7556}") = "ConsoleApp", "Adapters\Primary\ConsoleApp\ConsoleApp.csproj", "{7158CA42-FD64-4191-A743-E6AD66C498A1}"
EndProject
Project("{9A19103F-16F7-4668-BE54-9A1E7A4F7556}") = "SimpleEventBus", "Adapters\Secondary\SimpleEventBus\SimpleEventBus.csproj", "{6D457FB0-79F5-4891-9589-16AD23C2C671}"
EndProject
Project("{9A19103F-16F7-4668-BE54-9A1E7A4F7556}") = "VigiFlowCore", "Core\VigiFlowCore\VigiFlowCore.csproj", "{10E80777-4B71-44D5-9681-87BF2EAE6CBB}"
EndProject
Project("{2150E333-8FDC-42A3-9474-1A3956D46DE8}") = "Solution Items", "Solution Items", "{3F090063-8476-4E20-B2EC-84ACFA9E1D7F}"
	ProjectSection(SolutionItems) = preProject
		ToDo.txt = ToDo.txt
	EndProjectSection
EndProject
Project("{9A19103F-16F7-4668-BE54-9A1E7A4F7556}") = "SimpleCommandBus", "Adapters\Secondary\SimpleCommandBus\SimpleCommandBus.csproj", "{801C5AB1-1C4C-4CFF-B6BF-A781400A7D0C}"
EndProject
Project("{9A19103F-16F7-4668-BE54-9A1E7A4F7556}") = "MongoDBPersistance", "Adapters\Secondary\MongoDBPersistance\MongoDBPersistance.csproj", "{62740CBF-FDF6-4F00-8F26-231366C16931}"
EndProject
Project("{9A19103F-16F7-4668-BE54-9A1E7A4F7556}") = "HelloWorldComponent", "Core\Components\HelloWorldComponent\HelloWorldComponent.csproj", "{4BE686DC-1C20-4E61-9437-E490B1C57ACC}"
EndProject
Project("{9A19103F-16F7-4668-BE54-9A1E7A4F7556}") = "CaseComponent", "Core\Components\CaseComponent\CaseComponent.csproj", "{54157E62-618F-4D6F-825C-64722C0CE27D}"
EndProject
Project("{9A19103F-16F7-4668-BE54-9A1E7A4F7556}") = "Ports", "Core\Ports\Ports.csproj", "{25C4797B-B1F1-4FEA-89E3-2CCC2B382CEB}"
EndProject
Project("{9A19103F-16F7-4668-BE54-9A1E7A4F7556}") = "SharedKernel", "Core\SharedKernel\SharedKernel.csproj", "{0D65116C-C229-41F3-A3A7-85FC7A155AC9}"
EndProject
Project("{9A19103F-16F7-4668-BE54-9A1E7A4F7556}") = "ConsoleLogger", "Adapters\Secondary\ConsoleLogger\ConsoleLogger.csproj", "{93898836-CC40-412E-825C-E745E6D2CE7C}"
EndProject
Project("{9A19103F-16F7-4668-BE54-9A1E7A4F7556}") = "SimpleCommandValidator", "Adapters\Secondary\SimpleCommandValidator\SimpleCommandValidator.csproj", "{653A6086-4E5F-4861-9742-289C031A48C8}"
EndProject
Project("{9A19103F-16F7-4668-BE54-9A1E7A4F7556}") = "FluentCommandValidator", "Adapters\Secondary\FluentCommandValidator\FluentCommandValidator.csproj", "{85404DD2-548F-4029-A3DE-1903571D92F5}"
EndProject
Project("{9A19103F-16F7-4668-BE54-9A1E7A4F7556}") = "AuditTrailComponent", "Core\Components\AuditTrailComponent\AuditTrailComponent.csproj", "{4CE7FB1D-6D03-43A5-A5F5-90EEF89CF071}"
EndProject
Project("{9A19103F-16F7-4668-BE54-9A1E7A4F7556}") = "MongoDBAuditTrailPersistance", "Adapters\Secondary\MongoDBAuditTrailPersistance\MongoDBAuditTrailPersistance.csproj", "{37570F95-3067-42CB-BD66-F407B3C86BDB}"
EndProject
Project("{9A19103F-16F7-4668-BE54-9A1E7A4F7556}") = "NLogLogger", "Adapters\Secondary\NLogLogger\NLogLogger.csproj", "{E281E073-C657-4B1F-BC6C-F8D91BF8749B}"
EndProject
Project("{9A19103F-16F7-4668-BE54-9A1E7A4F7556}") = "ImportAPIApp", "Adapters\Primary\ImportAPIApp\ImportAPIApp.csproj", "{53C95B57-CEB3-4746-B584-FB5600BE247D}"
EndProject
Global
	GlobalSection(SolutionConfigurationPlatforms) = preSolution
		Debug|Any CPU = Debug|Any CPU
		Release|Any CPU = Release|Any CPU
	EndGlobalSection
	GlobalSection(ProjectConfigurationPlatforms) = postSolution
		{7158CA42-FD64-4191-A743-E6AD66C498A1}.Debug|Any CPU.ActiveCfg = Debug|Any CPU
		{7158CA42-FD64-4191-A743-E6AD66C498A1}.Debug|Any CPU.Build.0 = Debug|Any CPU
		{7158CA42-FD64-4191-A743-E6AD66C498A1}.Release|Any CPU.ActiveCfg = Release|Any CPU
		{7158CA42-FD64-4191-A743-E6AD66C498A1}.Release|Any CPU.Build.0 = Release|Any CPU
		{6D457FB0-79F5-4891-9589-16AD23C2C671}.Debug|Any CPU.ActiveCfg = Debug|Any CPU
		{6D457FB0-79F5-4891-9589-16AD23C2C671}.Debug|Any CPU.Build.0 = Debug|Any CPU
		{6D457FB0-79F5-4891-9589-16AD23C2C671}.Release|Any CPU.ActiveCfg = Release|Any CPU
		{6D457FB0-79F5-4891-9589-16AD23C2C671}.Release|Any CPU.Build.0 = Release|Any CPU
		{10E80777-4B71-44D5-9681-87BF2EAE6CBB}.Debug|Any CPU.ActiveCfg = Debug|Any CPU
		{10E80777-4B71-44D5-9681-87BF2EAE6CBB}.Debug|Any CPU.Build.0 = Debug|Any CPU
		{10E80777-4B71-44D5-9681-87BF2EAE6CBB}.Release|Any CPU.ActiveCfg = Release|Any CPU
		{10E80777-4B71-44D5-9681-87BF2EAE6CBB}.Release|Any CPU.Build.0 = Release|Any CPU
		{801C5AB1-1C4C-4CFF-B6BF-A781400A7D0C}.Debug|Any CPU.ActiveCfg = Debug|Any CPU
		{801C5AB1-1C4C-4CFF-B6BF-A781400A7D0C}.Debug|Any CPU.Build.0 = Debug|Any CPU
		{801C5AB1-1C4C-4CFF-B6BF-A781400A7D0C}.Release|Any CPU.ActiveCfg = Release|Any CPU
		{801C5AB1-1C4C-4CFF-B6BF-A781400A7D0C}.Release|Any CPU.Build.0 = Release|Any CPU
		{62740CBF-FDF6-4F00-8F26-231366C16931}.Debug|Any CPU.ActiveCfg = Debug|Any CPU
		{62740CBF-FDF6-4F00-8F26-231366C16931}.Debug|Any CPU.Build.0 = Debug|Any CPU
		{62740CBF-FDF6-4F00-8F26-231366C16931}.Release|Any CPU.ActiveCfg = Release|Any CPU
		{62740CBF-FDF6-4F00-8F26-231366C16931}.Release|Any CPU.Build.0 = Release|Any CPU
		{4BE686DC-1C20-4E61-9437-E490B1C57ACC}.Debug|Any CPU.ActiveCfg = Debug|Any CPU
		{4BE686DC-1C20-4E61-9437-E490B1C57ACC}.Debug|Any CPU.Build.0 = Debug|Any CPU
		{4BE686DC-1C20-4E61-9437-E490B1C57ACC}.Release|Any CPU.ActiveCfg = Release|Any CPU
		{4BE686DC-1C20-4E61-9437-E490B1C57ACC}.Release|Any CPU.Build.0 = Release|Any CPU
		{54157E62-618F-4D6F-825C-64722C0CE27D}.Debug|Any CPU.ActiveCfg = Debug|Any CPU
		{54157E62-618F-4D6F-825C-64722C0CE27D}.Debug|Any CPU.Build.0 = Debug|Any CPU
		{54157E62-618F-4D6F-825C-64722C0CE27D}.Release|Any CPU.ActiveCfg = Release|Any CPU
		{54157E62-618F-4D6F-825C-64722C0CE27D}.Release|Any CPU.Build.0 = Release|Any CPU
		{25C4797B-B1F1-4FEA-89E3-2CCC2B382CEB}.Debug|Any CPU.ActiveCfg = Debug|Any CPU
		{25C4797B-B1F1-4FEA-89E3-2CCC2B382CEB}.Debug|Any CPU.Build.0 = Debug|Any CPU
		{25C4797B-B1F1-4FEA-89E3-2CCC2B382CEB}.Release|Any CPU.ActiveCfg = Release|Any CPU
		{25C4797B-B1F1-4FEA-89E3-2CCC2B382CEB}.Release|Any CPU.Build.0 = Release|Any CPU
		{0D65116C-C229-41F3-A3A7-85FC7A155AC9}.Debug|Any CPU.ActiveCfg = Debug|Any CPU
		{0D65116C-C229-41F3-A3A7-85FC7A155AC9}.Debug|Any CPU.Build.0 = Debug|Any CPU
		{0D65116C-C229-41F3-A3A7-85FC7A155AC9}.Release|Any CPU.ActiveCfg = Release|Any CPU
		{0D65116C-C229-41F3-A3A7-85FC7A155AC9}.Release|Any CPU.Build.0 = Release|Any CPU
		{93898836-CC40-412E-825C-E745E6D2CE7C}.Debug|Any CPU.ActiveCfg = Debug|Any CPU
		{93898836-CC40-412E-825C-E745E6D2CE7C}.Debug|Any CPU.Build.0 = Debug|Any CPU
		{93898836-CC40-412E-825C-E745E6D2CE7C}.Release|Any CPU.ActiveCfg = Release|Any CPU
		{93898836-CC40-412E-825C-E745E6D2CE7C}.Release|Any CPU.Build.0 = Release|Any CPU
		{653A6086-4E5F-4861-9742-289C031A48C8}.Debug|Any CPU.ActiveCfg = Debug|Any CPU
		{653A6086-4E5F-4861-9742-289C031A48C8}.Debug|Any CPU.Build.0 = Debug|Any CPU
		{653A6086-4E5F-4861-9742-289C031A48C8}.Release|Any CPU.ActiveCfg = Release|Any CPU
		{653A6086-4E5F-4861-9742-289C031A48C8}.Release|Any CPU.Build.0 = Release|Any CPU
		{85404DD2-548F-4029-A3DE-1903571D92F5}.Debug|Any CPU.ActiveCfg = Debug|Any CPU
		{85404DD2-548F-4029-A3DE-1903571D92F5}.Debug|Any CPU.Build.0 = Debug|Any CPU
		{85404DD2-548F-4029-A3DE-1903571D92F5}.Release|Any CPU.ActiveCfg = Release|Any CPU
		{85404DD2-548F-4029-A3DE-1903571D92F5}.Release|Any CPU.Build.0 = Release|Any CPU
		{4CE7FB1D-6D03-43A5-A5F5-90EEF89CF071}.Debug|Any CPU.ActiveCfg = Debug|Any CPU
		{4CE7FB1D-6D03-43A5-A5F5-90EEF89CF071}.Debug|Any CPU.Build.0 = Debug|Any CPU
		{4CE7FB1D-6D03-43A5-A5F5-90EEF89CF071}.Release|Any CPU.ActiveCfg = Release|Any CPU
		{4CE7FB1D-6D03-43A5-A5F5-90EEF89CF071}.Release|Any CPU.Build.0 = Release|Any CPU
		{37570F95-3067-42CB-BD66-F407B3C86BDB}.Debug|Any CPU.ActiveCfg = Debug|Any CPU
		{37570F95-3067-42CB-BD66-F407B3C86BDB}.Debug|Any CPU.Build.0 = Debug|Any CPU
		{37570F95-3067-42CB-BD66-F407B3C86BDB}.Release|Any CPU.ActiveCfg = Release|Any CPU
		{37570F95-3067-42CB-BD66-F407B3C86BDB}.Release|Any CPU.Build.0 = Release|Any CPU
		{E281E073-C657-4B1F-BC6C-F8D91BF8749B}.Debug|Any CPU.ActiveCfg = Debug|Any CPU
		{E281E073-C657-4B1F-BC6C-F8D91BF8749B}.Debug|Any CPU.Build.0 = Debug|Any CPU
		{E281E073-C657-4B1F-BC6C-F8D91BF8749B}.Release|Any CPU.ActiveCfg = Release|Any CPU
		{E281E073-C657-4B1F-BC6C-F8D91BF8749B}.Release|Any CPU.Build.0 = Release|Any CPU
		{53C95B57-CEB3-4746-B584-FB5600BE247D}.Debug|Any CPU.ActiveCfg = Debug|Any CPU
		{53C95B57-CEB3-4746-B584-FB5600BE247D}.Debug|Any CPU.Build.0 = Debug|Any CPU
		{53C95B57-CEB3-4746-B584-FB5600BE247D}.Release|Any CPU.ActiveCfg = Release|Any CPU
		{53C95B57-CEB3-4746-B584-FB5600BE247D}.Release|Any CPU.Build.0 = Release|Any CPU
	EndGlobalSection
	GlobalSection(SolutionProperties) = preSolution
		HideSolutionNode = FALSE
	EndGlobalSection
	GlobalSection(NestedProjects) = preSolution
		{676A11B9-1512-421A-B9A5-331B71A96DA3} = {E1869585-5474-4BAB-883F-709A21869DB9}
		{4F9BAD6B-F48E-4A8A-954A-D82C0AFCBBB8} = {E1869585-5474-4BAB-883F-709A21869DB9}
		{3F1C83DD-B7EF-4147-B5CB-0711B60F207F} = {E1869585-5474-4BAB-883F-709A21869DB9}
		{02A92D08-9CB5-43C4-BE07-91F002C25CA5} = {8F9C393F-E1E8-469F-AE7B-5AFA2CDA7F6D}
		{98241AF7-2B94-4A09-AF8E-C078C1960CA4} = {8F9C393F-E1E8-469F-AE7B-5AFA2CDA7F6D}
		{7158CA42-FD64-4191-A743-E6AD66C498A1} = {98241AF7-2B94-4A09-AF8E-C078C1960CA4}
		{6D457FB0-79F5-4891-9589-16AD23C2C671} = {02A92D08-9CB5-43C4-BE07-91F002C25CA5}
		{10E80777-4B71-44D5-9681-87BF2EAE6CBB} = {E1869585-5474-4BAB-883F-709A21869DB9}
		{801C5AB1-1C4C-4CFF-B6BF-A781400A7D0C} = {02A92D08-9CB5-43C4-BE07-91F002C25CA5}
		{62740CBF-FDF6-4F00-8F26-231366C16931} = {02A92D08-9CB5-43C4-BE07-91F002C25CA5}
		{4BE686DC-1C20-4E61-9437-E490B1C57ACC} = {4F9BAD6B-F48E-4A8A-954A-D82C0AFCBBB8}
		{54157E62-618F-4D6F-825C-64722C0CE27D} = {4F9BAD6B-F48E-4A8A-954A-D82C0AFCBBB8}
		{25C4797B-B1F1-4FEA-89E3-2CCC2B382CEB} = {676A11B9-1512-421A-B9A5-331B71A96DA3}
		{0D65116C-C229-41F3-A3A7-85FC7A155AC9} = {3F1C83DD-B7EF-4147-B5CB-0711B60F207F}
		{93898836-CC40-412E-825C-E745E6D2CE7C} = {02A92D08-9CB5-43C4-BE07-91F002C25CA5}
		{653A6086-4E5F-4861-9742-289C031A48C8} = {02A92D08-9CB5-43C4-BE07-91F002C25CA5}
		{85404DD2-548F-4029-A3DE-1903571D92F5} = {02A92D08-9CB5-43C4-BE07-91F002C25CA5}
		{4CE7FB1D-6D03-43A5-A5F5-90EEF89CF071} = {4F9BAD6B-F48E-4A8A-954A-D82C0AFCBBB8}
		{37570F95-3067-42CB-BD66-F407B3C86BDB} = {02A92D08-9CB5-43C4-BE07-91F002C25CA5}
		{E281E073-C657-4B1F-BC6C-F8D91BF8749B} = {02A92D08-9CB5-43C4-BE07-91F002C25CA5}
		{53C95B57-CEB3-4746-B584-FB5600BE247D} = {98241AF7-2B94-4A09-AF8E-C078C1960CA4}
	EndGlobalSection
	GlobalSection(ExtensibilityGlobals) = postSolution
		SolutionGuid = {B4EA81DB-1ED4-4B16-8AD1-3F47D173EF11}
	EndGlobalSection
EndGlobal
