
Microsoft Visual Studio Solution File, Format Version 12.00
# Visual Studio 15
VisualStudioVersion = 15.0.27703.2042
MinimumVisualStudioVersion = 10.0.40219.1
Project("{2150E333-8FDC-42A3-9474-1A3956D46DE8}") = "Core", "Core", "{E1869585-5474-4BAB-883F-709A21869DB9}"
EndProject
Project("{2150E333-8FDC-42A3-9474-1A3956D46DE8}") = "Ports", "Ports", "{676A11B9-1512-421A-B9A5-331B71A96DA3}"
EndProject
Project("{FAE04EC0-301F-11D3-BF4B-00C04F79EFBC}") = "Ports", "Core\Ports\Ports.csproj", "{B4E5B716-D065-4435-B5C6-5F6D9B107B7B}"
EndProject
Project("{2150E333-8FDC-42A3-9474-1A3956D46DE8}") = "Components", "Components", "{4F9BAD6B-F48E-4A8A-954A-D82C0AFCBBB8}"
EndProject
Project("{FAE04EC0-301F-11D3-BF4B-00C04F79EFBC}") = "Case", "Core\Components\Case\Case.csproj", "{DDEDE013-B5AF-485F-AF47-9402AD63F7EE}"
EndProject
Project("{2150E333-8FDC-42A3-9474-1A3956D46DE8}") = "SharedKernel", "SharedKernel", "{3F1C83DD-B7EF-4147-B5CB-0711B60F207F}"
EndProject
Project("{FAE04EC0-301F-11D3-BF4B-00C04F79EFBC}") = "SharedKernel", "Core\SharedKernel\SharedKernel.csproj", "{99779ACD-5EC7-4746-897D-395E9D233A4C}"
EndProject
Project("{2150E333-8FDC-42A3-9474-1A3956D46DE8}") = "Secondary", "Secondary", "{02A92D08-9CB5-43C4-BE07-91F002C25CA5}"
EndProject
Project("{2150E333-8FDC-42A3-9474-1A3956D46DE8}") = "Adapters", "Adapters", "{8F9C393F-E1E8-469F-AE7B-5AFA2CDA7F6D}"
EndProject
Project("{2150E333-8FDC-42A3-9474-1A3956D46DE8}") = "Primary", "Primary", "{98241AF7-2B94-4A09-AF8E-C078C1960CA4}"
EndProject
Global
	GlobalSection(SolutionConfigurationPlatforms) = preSolution
		Debug|Any CPU = Debug|Any CPU
		Release|Any CPU = Release|Any CPU
	EndGlobalSection
	GlobalSection(ProjectConfigurationPlatforms) = postSolution
		{B4E5B716-D065-4435-B5C6-5F6D9B107B7B}.Debug|Any CPU.ActiveCfg = Debug|Any CPU
		{B4E5B716-D065-4435-B5C6-5F6D9B107B7B}.Debug|Any CPU.Build.0 = Debug|Any CPU
		{B4E5B716-D065-4435-B5C6-5F6D9B107B7B}.Release|Any CPU.ActiveCfg = Release|Any CPU
		{B4E5B716-D065-4435-B5C6-5F6D9B107B7B}.Release|Any CPU.Build.0 = Release|Any CPU
		{DDEDE013-B5AF-485F-AF47-9402AD63F7EE}.Debug|Any CPU.ActiveCfg = Debug|Any CPU
		{DDEDE013-B5AF-485F-AF47-9402AD63F7EE}.Debug|Any CPU.Build.0 = Debug|Any CPU
		{DDEDE013-B5AF-485F-AF47-9402AD63F7EE}.Release|Any CPU.ActiveCfg = Release|Any CPU
		{DDEDE013-B5AF-485F-AF47-9402AD63F7EE}.Release|Any CPU.Build.0 = Release|Any CPU
		{99779ACD-5EC7-4746-897D-395E9D233A4C}.Debug|Any CPU.ActiveCfg = Debug|Any CPU
		{99779ACD-5EC7-4746-897D-395E9D233A4C}.Debug|Any CPU.Build.0 = Debug|Any CPU
		{99779ACD-5EC7-4746-897D-395E9D233A4C}.Release|Any CPU.ActiveCfg = Release|Any CPU
		{99779ACD-5EC7-4746-897D-395E9D233A4C}.Release|Any CPU.Build.0 = Release|Any CPU
	EndGlobalSection
	GlobalSection(SolutionProperties) = preSolution
		HideSolutionNode = FALSE
	EndGlobalSection
	GlobalSection(NestedProjects) = preSolution
		{676A11B9-1512-421A-B9A5-331B71A96DA3} = {E1869585-5474-4BAB-883F-709A21869DB9}
		{B4E5B716-D065-4435-B5C6-5F6D9B107B7B} = {676A11B9-1512-421A-B9A5-331B71A96DA3}
		{4F9BAD6B-F48E-4A8A-954A-D82C0AFCBBB8} = {E1869585-5474-4BAB-883F-709A21869DB9}
		{DDEDE013-B5AF-485F-AF47-9402AD63F7EE} = {4F9BAD6B-F48E-4A8A-954A-D82C0AFCBBB8}
		{3F1C83DD-B7EF-4147-B5CB-0711B60F207F} = {E1869585-5474-4BAB-883F-709A21869DB9}
		{99779ACD-5EC7-4746-897D-395E9D233A4C} = {3F1C83DD-B7EF-4147-B5CB-0711B60F207F}
		{02A92D08-9CB5-43C4-BE07-91F002C25CA5} = {8F9C393F-E1E8-469F-AE7B-5AFA2CDA7F6D}
		{98241AF7-2B94-4A09-AF8E-C078C1960CA4} = {8F9C393F-E1E8-469F-AE7B-5AFA2CDA7F6D}
	EndGlobalSection
	GlobalSection(ExtensibilityGlobals) = postSolution
		SolutionGuid = {B4EA81DB-1ED4-4B16-8AD1-3F47D173EF11}
	EndGlobalSection
EndGlobal
