
Microsoft Visual Studio Solution File, Format Version 12.00
# Visual Studio 15
VisualStudioVersion = 15.0.27703.2042
MinimumVisualStudioVersion = 10.0.40219.1
Project("{2150E333-8FDC-42A3-9474-1A3956D46DE8}") = "Core", "Core", "{E1869585-5474-4BAB-883F-709A21869DB9}"
EndProject
Project("{2150E333-8FDC-42A3-9474-1A3956D46DE8}") = "Ports", "Ports", "{676A11B9-1512-421A-B9A5-331B71A96DA3}"
EndProject
Project("{FAE04EC0-301F-11D3-BF4B-00C04F79EFBC}") = "Ports", "Core\Ports\Ports.csproj", "{B4E5B716-D065-4435-B5C6-5F6D9B107B7B}"
EndProject
Project("{2150E333-8FDC-42A3-9474-1A3956D46DE8}") = "Components", "Components", "{4F9BAD6B-F48E-4A8A-954A-D82C0AFCBBB8}"
EndProject
Project("{2150E333-8FDC-42A3-9474-1A3956D46DE8}") = "SharedKernel", "SharedKernel", "{3F1C83DD-B7EF-4147-B5CB-0711B60F207F}"
EndProject
Project("{FAE04EC0-301F-11D3-BF4B-00C04F79EFBC}") = "SharedKernel", "Core\SharedKernel\SharedKernel.csproj", "{99779ACD-5EC7-4746-897D-395E9D233A4C}"
EndProject
Project("{2150E333-8FDC-42A3-9474-1A3956D46DE8}") = "Secondary", "Secondary", "{02A92D08-9CB5-43C4-BE07-91F002C25CA5}"
EndProject
Project("{2150E333-8FDC-42A3-9474-1A3956D46DE8}") = "Adapters", "Adapters", "{8F9C393F-E1E8-469F-AE7B-5AFA2CDA7F6D}"
EndProject
Project("{2150E333-8FDC-42A3-9474-1A3956D46DE8}") = "Primary", "Primary", "{98241AF7-2B94-4A09-AF8E-C078C1960CA4}"
EndProject
Project("{9A19103F-16F7-4668-BE54-9A1E7A4F7556}") = "ConsoleApp", "Adapters\Primary\Console\ConsoleApp.csproj", "{84CC331E-1B5B-4A21-A7B2-7E481D28C778}"
EndProject
Project("{FAE04EC0-301F-11D3-BF4B-00C04F79EFBC}") = "Persistance", "Adapters\Secondary\Persistance\Persistance.csproj", "{E6EC33AE-B5C2-45B8-9607-2B823BDBEAF7}"
EndProject
Project("{FAE04EC0-301F-11D3-BF4B-00C04F79EFBC}") = "CommandBus", "Adapters\Secondary\CommandBus\CommandBus\CommandBus.csproj", "{456B86FA-3BA3-43F5-986C-30DBFE21386B}"
EndProject
Project("{FAE04EC0-301F-11D3-BF4B-00C04F79EFBC}") = "Application", "Core\Application\Application.csproj", "{8C474509-96BB-4C01-AA21-374F4ECF43D5}"
EndProject
Project("{FAE04EC0-301F-11D3-BF4B-00C04F79EFBC}") = "HelloWorld", "Core\Components\HelloWorld\HelloWorld.csproj", "{859E7345-F7D6-4789-B6DD-D3294C596268}"
EndProject
Project("{FAE04EC0-301F-11D3-BF4B-00C04F79EFBC}") = "Case", "Core\Components\Case\Case.csproj", "{DDEDE013-B5AF-485F-AF47-9402AD63F7EE}"
EndProject
Project("{FAE04EC0-301F-11D3-BF4B-00C04F79EFBC}") = "ConsoleAppTo", "Adapters\Primary\ConsoleAppTo\ConsoleAppTo.csproj", "{7EE98D12-4A2F-4C98-ABE2-5CD934038215}"
EndProject
Global
	GlobalSection(SolutionConfigurationPlatforms) = preSolution
		Debug|Any CPU = Debug|Any CPU
		Release|Any CPU = Release|Any CPU
	EndGlobalSection
	GlobalSection(ProjectConfigurationPlatforms) = postSolution
		{B4E5B716-D065-4435-B5C6-5F6D9B107B7B}.Debug|Any CPU.ActiveCfg = Debug|Any CPU
		{B4E5B716-D065-4435-B5C6-5F6D9B107B7B}.Debug|Any CPU.Build.0 = Debug|Any CPU
		{B4E5B716-D065-4435-B5C6-5F6D9B107B7B}.Release|Any CPU.ActiveCfg = Release|Any CPU
		{B4E5B716-D065-4435-B5C6-5F6D9B107B7B}.Release|Any CPU.Build.0 = Release|Any CPU
		{99779ACD-5EC7-4746-897D-395E9D233A4C}.Debug|Any CPU.ActiveCfg = Debug|Any CPU
		{99779ACD-5EC7-4746-897D-395E9D233A4C}.Debug|Any CPU.Build.0 = Debug|Any CPU
		{99779ACD-5EC7-4746-897D-395E9D233A4C}.Release|Any CPU.ActiveCfg = Release|Any CPU
		{99779ACD-5EC7-4746-897D-395E9D233A4C}.Release|Any CPU.Build.0 = Release|Any CPU
		{84CC331E-1B5B-4A21-A7B2-7E481D28C778}.Debug|Any CPU.ActiveCfg = Debug|Any CPU
		{84CC331E-1B5B-4A21-A7B2-7E481D28C778}.Debug|Any CPU.Build.0 = Debug|Any CPU
		{84CC331E-1B5B-4A21-A7B2-7E481D28C778}.Release|Any CPU.ActiveCfg = Release|Any CPU
		{84CC331E-1B5B-4A21-A7B2-7E481D28C778}.Release|Any CPU.Build.0 = Release|Any CPU
		{E6EC33AE-B5C2-45B8-9607-2B823BDBEAF7}.Debug|Any CPU.ActiveCfg = Debug|Any CPU
		{E6EC33AE-B5C2-45B8-9607-2B823BDBEAF7}.Debug|Any CPU.Build.0 = Debug|Any CPU
		{E6EC33AE-B5C2-45B8-9607-2B823BDBEAF7}.Release|Any CPU.ActiveCfg = Release|Any CPU
		{E6EC33AE-B5C2-45B8-9607-2B823BDBEAF7}.Release|Any CPU.Build.0 = Release|Any CPU
		{456B86FA-3BA3-43F5-986C-30DBFE21386B}.Debug|Any CPU.ActiveCfg = Debug|Any CPU
		{456B86FA-3BA3-43F5-986C-30DBFE21386B}.Debug|Any CPU.Build.0 = Debug|Any CPU
		{456B86FA-3BA3-43F5-986C-30DBFE21386B}.Release|Any CPU.ActiveCfg = Release|Any CPU
		{456B86FA-3BA3-43F5-986C-30DBFE21386B}.Release|Any CPU.Build.0 = Release|Any CPU
		{8C474509-96BB-4C01-AA21-374F4ECF43D5}.Debug|Any CPU.ActiveCfg = Debug|Any CPU
		{8C474509-96BB-4C01-AA21-374F4ECF43D5}.Debug|Any CPU.Build.0 = Debug|Any CPU
		{8C474509-96BB-4C01-AA21-374F4ECF43D5}.Release|Any CPU.ActiveCfg = Release|Any CPU
		{8C474509-96BB-4C01-AA21-374F4ECF43D5}.Release|Any CPU.Build.0 = Release|Any CPU
		{859E7345-F7D6-4789-B6DD-D3294C596268}.Debug|Any CPU.ActiveCfg = Debug|Any CPU
		{859E7345-F7D6-4789-B6DD-D3294C596268}.Debug|Any CPU.Build.0 = Debug|Any CPU
		{859E7345-F7D6-4789-B6DD-D3294C596268}.Release|Any CPU.ActiveCfg = Release|Any CPU
		{859E7345-F7D6-4789-B6DD-D3294C596268}.Release|Any CPU.Build.0 = Release|Any CPU
		{DDEDE013-B5AF-485F-AF47-9402AD63F7EE}.Debug|Any CPU.ActiveCfg = Debug|Any CPU
		{DDEDE013-B5AF-485F-AF47-9402AD63F7EE}.Debug|Any CPU.Build.0 = Debug|Any CPU
		{DDEDE013-B5AF-485F-AF47-9402AD63F7EE}.Release|Any CPU.ActiveCfg = Release|Any CPU
		{DDEDE013-B5AF-485F-AF47-9402AD63F7EE}.Release|Any CPU.Build.0 = Release|Any CPU
		{7EE98D12-4A2F-4C98-ABE2-5CD934038215}.Debug|Any CPU.ActiveCfg = Debug|Any CPU
		{7EE98D12-4A2F-4C98-ABE2-5CD934038215}.Debug|Any CPU.Build.0 = Debug|Any CPU
		{7EE98D12-4A2F-4C98-ABE2-5CD934038215}.Release|Any CPU.ActiveCfg = Release|Any CPU
		{7EE98D12-4A2F-4C98-ABE2-5CD934038215}.Release|Any CPU.Build.0 = Release|Any CPU
	EndGlobalSection
	GlobalSection(SolutionProperties) = preSolution
		HideSolutionNode = FALSE
	EndGlobalSection
	GlobalSection(NestedProjects) = preSolution
		{676A11B9-1512-421A-B9A5-331B71A96DA3} = {E1869585-5474-4BAB-883F-709A21869DB9}
		{B4E5B716-D065-4435-B5C6-5F6D9B107B7B} = {676A11B9-1512-421A-B9A5-331B71A96DA3}
		{4F9BAD6B-F48E-4A8A-954A-D82C0AFCBBB8} = {E1869585-5474-4BAB-883F-709A21869DB9}
		{3F1C83DD-B7EF-4147-B5CB-0711B60F207F} = {E1869585-5474-4BAB-883F-709A21869DB9}
		{99779ACD-5EC7-4746-897D-395E9D233A4C} = {3F1C83DD-B7EF-4147-B5CB-0711B60F207F}
		{02A92D08-9CB5-43C4-BE07-91F002C25CA5} = {8F9C393F-E1E8-469F-AE7B-5AFA2CDA7F6D}
		{98241AF7-2B94-4A09-AF8E-C078C1960CA4} = {8F9C393F-E1E8-469F-AE7B-5AFA2CDA7F6D}
		{84CC331E-1B5B-4A21-A7B2-7E481D28C778} = {98241AF7-2B94-4A09-AF8E-C078C1960CA4}
		{E6EC33AE-B5C2-45B8-9607-2B823BDBEAF7} = {02A92D08-9CB5-43C4-BE07-91F002C25CA5}
		{456B86FA-3BA3-43F5-986C-30DBFE21386B} = {02A92D08-9CB5-43C4-BE07-91F002C25CA5}
		{8C474509-96BB-4C01-AA21-374F4ECF43D5} = {E1869585-5474-4BAB-883F-709A21869DB9}
		{859E7345-F7D6-4789-B6DD-D3294C596268} = {4F9BAD6B-F48E-4A8A-954A-D82C0AFCBBB8}
		{DDEDE013-B5AF-485F-AF47-9402AD63F7EE} = {4F9BAD6B-F48E-4A8A-954A-D82C0AFCBBB8}
		{7EE98D12-4A2F-4C98-ABE2-5CD934038215} = {98241AF7-2B94-4A09-AF8E-C078C1960CA4}
	EndGlobalSection
	GlobalSection(ExtensibilityGlobals) = postSolution
		SolutionGuid = {B4EA81DB-1ED4-4B16-8AD1-3F47D173EF11}
	EndGlobalSection
EndGlobal
